<?xml version="1.0" encoding="UTF-8" standalone="yes" ?>
<CodeBlocks_project_file>
	<FileVersion major="1" minor="6" />
	<Project>
		<Option title="Ghost-in-the-shell" />
		<Option pch_mode="2" />
		<Option compiler="gcc" />
		<Build>
			<Target title="Debug">
				<Option output="bin/Debug/Ghost-in-the-shell" prefix_auto="1" extension_auto="1" />
				<Option object_output="obj/Debug/" />
				<Option type="1" />
				<Option compiler="gcc" />
				<Compiler>
					<Add option="-Wextra" />
					<Add option="-Wall" />
					<Add option="-std=c++11" />
					<Add option="-g" />
				</Compiler>
			</Target>
			<Target title="Release">
				<Option output="bin/Release/Ghost-in-the-shell" prefix_auto="1" extension_auto="1" />
				<Option object_output="obj/Release/" />
				<Option type="1" />
				<Option compiler="gcc" />
				<Compiler>
					<Add option="-O2" />
					<Add option="-Wextra" />
					<Add option="-Wall" />
					<Add option="-std=c++11" />
				</Compiler>
				<Linker>
					<Add option="-s" />
				</Linker>
			</Target>
		</Build>
		<Compiler>
			<Add option="-Wall" />
		</Compiler>
		<Unit filename=".gitignore" />
		<Unit filename="README.md" />
		<Unit filename="src/CurrentFile.cpp" />
		<Unit filename="src/MyProgram/MyProgram.cpp" />
		<Unit filename="src/Objects/Action.hpp" />
		<Unit filename="src/Objects/Board.hpp" />
		<Unit filename="src/Objects/Bomb.hpp" />
		<Unit filename="src/Objects/Command.hpp" />
		<Unit filename="src/Objects/Entity.cpp" />
		<Unit filename="src/Objects/Entity.hpp" />
		<Unit filename="src/Objects/Factory.hpp" />
		<Unit filename="src/Objects/Link.hpp" />
		<Unit filename="src/Objects/MovingEntity.hpp" />
		<Unit filename="src/Objects/Table.cpp" />
		<Unit filename="src/Objects/Table.hpp" />
		<Unit filename="src/Objects/Troop.hpp" />
		<Unit filename="src/Program/DummyPlayer.hpp" />
		<Unit filename="src/Program/Game.cpp" />
		<Unit filename="src/Program/Game.hpp" />
		<Unit filename="src/Program/Player.hpp" />
		<Unit filename="src/Program/Simulator.hpp" />
		<Unit filename="src/codingame_template.cpp" />
		<Unit filename="src/main.cpp" />
		<Extensions>
			<code_completion />
			<envvars />
			<debugger />
			<lib_finder disable_auto="1" />
		</Extensions>
	</Project>
</CodeBlocks_project_file>
